<?xml version="1.0" encoding="utf-8"?>
<Project ToolsVersion="4.0" xmlns="http://schemas.microsoft.com/developer/msbuild/2003">
  <ItemGroup>
    <Filter Include="src">
      <UniqueIdentifier>{a8d46940-8406-4297-915e-0af06810b387}</UniqueIdentifier>
    </Filter>
    <Filter Include="lib">
      <UniqueIdentifier>{16d215d5-da6c-4d05-8ca9-092d11c77ece}</UniqueIdentifier>
    </Filter>
    <Filter Include="lib\myo">
      <UniqueIdentifier>{364b2fb9-807e-4db8-93de-0cc4df980f93}</UniqueIdentifier>
    </Filter>
  </ItemGroup>
  <ItemGroup>
    <ClCompile Include="src\main.cpp">
      <Filter>src</Filter>
    </ClCompile>
    <ClCompile Include="src\DataCollector.cpp" />
  </ItemGroup>
</Project>